{
  "nodes": {
    "firefox-addons": {
      "inputs": {
        "nixpkgs": [
          "nixpkgs"
        ]
      },
      "locked": {
        "dir": "pkgs/firefox-addons",
        "lastModified": 1745419403,
        "narHash": "sha256-pQOOn4UntLSwnL3xZ1JAr3IDhXpL+kTS7Zw8ll59K9Q=",
        "owner": "rycee",
        "repo": "nur-expressions",
        "rev": "346899a4b3b651ab447c61e0c8e9d8a1454cda72",
        "type": "gitlab"
      },
      "original": {
        "dir": "pkgs/firefox-addons",
        "owner": "rycee",
        "repo": "nur-expressions",
        "type": "gitlab"
      }
    },
    "home-manager": {
      "inputs": {
        "nixpkgs": [
          "nixpkgs"
        ]
      },
      "locked": {
        "lastModified": 1745439012,
        "narHash": "sha256-TwbdiH28QK7Da2JQTqFHdb+UCJq6QbF2mtf+RxHVzEA=",
        "owner": "nix-community",
        "repo": "home-manager",
        "rev": "d31710fb2cd536b1966fee2af74e99a0816a61a8",
        "type": "github"
      },
      "original": {
        "owner": "nix-community",
        "repo": "home-manager",
        "type": "github"
      }
    },
    "nixos-hardware": {
      "locked": {
        "lastModified": 1745392233,
        "narHash": "sha256-xmqG4MZArM1JNxPJ33s0MtuBzgnaCO9laARoU3AfP8E=",
        "owner": "NixOS",
        "repo": "nixos-hardware",
        "rev": "8bf8a2a0822365bd8f44fd1a19d7ed0a1d629d64",
        "type": "github"
      },
      "original": {
        "owner": "NixOS",
        "ref": "master",
        "repo": "nixos-hardware",
        "type": "github"
      }
    },
    "nixpkgs": {
      "locked": {
        "lastModified": 1745234285,
        "narHash": "sha256-GfpyMzxwkfgRVN0cTGQSkTC0OHhEkv3Jf6Tcjm//qZ0=",
        "owner": "nixos",
        "repo": "nixpkgs",
        "rev": "c11863f1e964833214b767f4a369c6e6a7aba141",
        "type": "github"
      },
      "original": {
        "owner": "nixos",
        "ref": "nixos-unstable",
        "repo": "nixpkgs",
        "type": "github"
      }
    },
    "root": {
      "inputs": {
        "firefox-addons": "firefox-addons",
        "home-manager": "home-manager",
        "nixos-hardware": "nixos-hardware",
        "nixpkgs": "nixpkgs"
      }
    }
  },
  "root": "root",
  "version": 7
}
